// !$*UTF8*$!
{
	archiveVersion = 1;
	classes = {
	};
	objectVersion = 50;
	objects = {

/* Begin PBXBuildFile section */
		CE8D7BFF21B43EEB00144EA0 /* Post.swift in Sources */ = {isa = PBXBuildFile; fileRef = CE8D7BFE21B43EEB00144EA0 /* Post.swift */; };
		CE8D7C0121B43F3100144EA0 /* posts.json in Resources */ = {isa = PBXBuildFile; fileRef = CE8D7C0021B43F3100144EA0 /* posts.json */; };
		CEE83CD721B4109400607AE0 /* AppDelegate.swift in Sources */ = {isa = PBXBuildFile; fileRef = CEE83CD621B4109400607AE0 /* AppDelegate.swift */; };
		CEE83CDC21B4109400607AE0 /* Main.storyboard in Resources */ = {isa = PBXBuildFile; fileRef = CEE83CDA21B4109400607AE0 /* Main.storyboard */; };
		CEE83CDE21B4109600607AE0 /* Assets.xcassets in Resources */ = {isa = PBXBuildFile; fileRef = CEE83CDD21B4109600607AE0 /* Assets.xcassets */; };
		CEE83CE121B4109600607AE0 /* LaunchScreen.storyboard in Resources */ = {isa = PBXBuildFile; fileRef = CEE83CDF21B4109600607AE0 /* LaunchScreen.storyboard */; };
		CEE83CEC21B411BA00607AE0 /* IFriendListRouter.swift in Sources */ = {isa = PBXBuildFile; fileRef = CEE83CEB21B411BA00607AE0 /* IFriendListRouter.swift */; };
		CEE83CF321B4126000607AE0 /* FriendListRouter.swift in Sources */ = {isa = PBXBuildFile; fileRef = CEE83CF221B4126000607AE0 /* FriendListRouter.swift */; };
		CEE83CF521B412CC00607AE0 /* IFriendListView.swift in Sources */ = {isa = PBXBuildFile; fileRef = CEE83CF421B412CC00607AE0 /* IFriendListView.swift */; };
		CEE83CF721B4133000607AE0 /* IFriendListInteractor.swift in Sources */ = {isa = PBXBuildFile; fileRef = CEE83CF621B4133000607AE0 /* IFriendListInteractor.swift */; };
		CEE83CF921B4134300607AE0 /* IFriendListPresenter.swift in Sources */ = {isa = PBXBuildFile; fileRef = CEE83CF821B4134300607AE0 /* IFriendListPresenter.swift */; };
		CEE83CFB21B4134D00607AE0 /* Friend.swift in Sources */ = {isa = PBXBuildFile; fileRef = CEE83CFA21B4134D00607AE0 /* Friend.swift */; };
		CEE83CFD21B4140800607AE0 /* FriendListView.swift in Sources */ = {isa = PBXBuildFile; fileRef = CEE83CFC21B4140800607AE0 /* FriendListView.swift */; };
		CEE83CFF21B414B000607AE0 /* FriendListPresenter.swift in Sources */ = {isa = PBXBuildFile; fileRef = CEE83CFE21B414B000607AE0 /* FriendListPresenter.swift */; };
		CEE83D0121B415A200607AE0 /* FriendListInteractor.swift in Sources */ = {isa = PBXBuildFile; fileRef = CEE83D0021B415A200607AE0 /* FriendListInteractor.swift */; };
		CEE83D0321B41FE600607AE0 /* friends.json in Resources */ = {isa = PBXBuildFile; fileRef = CEE83D0221B41FE600607AE0 /* friends.json */; };
/* End PBXBuildFile section */

/* Begin PBXFileReference section */
		CE8D7BFE21B43EEB00144EA0 /* Post.swift */ = {isa = PBXFileReference; lastKnownFileType = sourcecode.swift; path = Post.swift; sourceTree = "<group>"; };
		CE8D7C0021B43F3100144EA0 /* posts.json */ = {isa = PBXFileReference; fileEncoding = 4; lastKnownFileType = text.json; path = posts.json; sourceTree = "<group>"; };
		CEE83CD321B4109400607AE0 /* FirstManualViperApp.app */ = {isa = PBXFileReference; explicitFileType = wrapper.application; includeInIndex = 0; path = FirstManualViperApp.app; sourceTree = BUILT_PRODUCTS_DIR; };
		CEE83CD621B4109400607AE0 /* AppDelegate.swift */ = {isa = PBXFileReference; lastKnownFileType = sourcecode.swift; path = AppDelegate.swift; sourceTree = "<group>"; };
		CEE83CDB21B4109400607AE0 /* Base */ = {isa = PBXFileReference; lastKnownFileType = file.storyboard; name = Base; path = Base.lproj/Main.storyboard; sourceTree = "<group>"; };
		CEE83CDD21B4109600607AE0 /* Assets.xcassets */ = {isa = PBXFileReference; lastKnownFileType = folder.assetcatalog; path = Assets.xcassets; sourceTree = "<group>"; };
		CEE83CE021B4109600607AE0 /* Base */ = {isa = PBXFileReference; lastKnownFileType = file.storyboard; name = Base; path = Base.lproj/LaunchScreen.storyboard; sourceTree = "<group>"; };
		CEE83CE221B4109600607AE0 /* Info.plist */ = {isa = PBXFileReference; lastKnownFileType = text.plist.xml; path = Info.plist; sourceTree = "<group>"; };
		CEE83CEB21B411BA00607AE0 /* IFriendListRouter.swift */ = {isa = PBXFileReference; lastKnownFileType = sourcecode.swift; path = IFriendListRouter.swift; sourceTree = "<group>"; };
		CEE83CF221B4126000607AE0 /* FriendListRouter.swift */ = {isa = PBXFileReference; lastKnownFileType = sourcecode.swift; path = FriendListRouter.swift; sourceTree = "<group>"; };
		CEE83CF421B412CC00607AE0 /* IFriendListView.swift */ = {isa = PBXFileReference; lastKnownFileType = sourcecode.swift; path = IFriendListView.swift; sourceTree = "<group>"; };
		CEE83CF621B4133000607AE0 /* IFriendListInteractor.swift */ = {isa = PBXFileReference; lastKnownFileType = sourcecode.swift; path = IFriendListInteractor.swift; sourceTree = "<group>"; };
		CEE83CF821B4134300607AE0 /* IFriendListPresenter.swift */ = {isa = PBXFileReference; lastKnownFileType = sourcecode.swift; path = IFriendListPresenter.swift; sourceTree = "<group>"; };
		CEE83CFA21B4134D00607AE0 /* Friend.swift */ = {isa = PBXFileReference; lastKnownFileType = sourcecode.swift; path = Friend.swift; sourceTree = "<group>"; };
		CEE83CFC21B4140800607AE0 /* FriendListView.swift */ = {isa = PBXFileReference; lastKnownFileType = sourcecode.swift; path = FriendListView.swift; sourceTree = "<group>"; };
		CEE83CFE21B414B000607AE0 /* FriendListPresenter.swift */ = {isa = PBXFileReference; lastKnownFileType = sourcecode.swift; path = FriendListPresenter.swift; sourceTree = "<group>"; };
		CEE83D0021B415A200607AE0 /* FriendListInteractor.swift */ = {isa = PBXFileReference; lastKnownFileType = sourcecode.swift; path = FriendListInteractor.swift; sourceTree = "<group>"; };
		CEE83D0221B41FE600607AE0 /* friends.json */ = {isa = PBXFileReference; fileEncoding = 4; lastKnownFileType = text.json; path = friends.json; sourceTree = "<group>"; };
/* End PBXFileReference section */

/* Begin PBXFrameworksBuildPhase section */
		CEE83CD021B4109400607AE0 /* Frameworks */ = {
			isa = PBXFrameworksBuildPhase;
			buildActionMask = 2147483647;
			files = (
			);
			runOnlyForDeploymentPostprocessing = 0;
		};
/* End PBXFrameworksBuildPhase section */

/* Begin PBXGroup section */
		CEE83CCA21B4109400607AE0 = {
			isa = PBXGroup;
			children = (
				CEE83CD521B4109400607AE0 /* FirstManualViperApp */,
				CEE83CD421B4109400607AE0 /* Products */,
			);
			sourceTree = "<group>";
		};
		CEE83CD421B4109400607AE0 /* Products */ = {
			isa = PBXGroup;
			children = (
				CEE83CD321B4109400607AE0 /* FirstManualViperApp.app */,
			);
			name = Products;
			sourceTree = "<group>";
		};
		CEE83CD521B4109400607AE0 /* FirstManualViperApp */ = {
			isa = PBXGroup;
			children = (
				CEE83CD621B4109400607AE0 /* AppDelegate.swift */,
				CEE83CDA21B4109400607AE0 /* Main.storyboard */,
				CEE83D0221B41FE600607AE0 /* friends.json */,
				CE8D7C0021B43F3100144EA0 /* posts.json */,
				CEE83CE921B410C400607AE0 /* Modules */,
				CEE83CE821B410B300607AE0 /* Supporting files */,
			);
			path = FirstManualViperApp;
			sourceTree = "<group>";
		};
		CEE83CE821B410B300607AE0 /* Supporting files */ = {
			isa = PBXGroup;
			children = (
				CEE83CDD21B4109600607AE0 /* Assets.xcassets */,
				CEE83CDF21B4109600607AE0 /* LaunchScreen.storyboard */,
				CEE83CE221B4109600607AE0 /* Info.plist */,
			);
			path = "Supporting files";
			sourceTree = "<group>";
		};
		CEE83CE921B410C400607AE0 /* Modules */ = {
			isa = PBXGroup;
			children = (
				CEE83CEA21B4118900607AE0 /* FriendList */,
			);
			path = Modules;
			sourceTree = "<group>";
		};
		CEE83CEA21B4118900607AE0 /* FriendList */ = {
			isa = PBXGroup;
			children = (
				CEE83CED21B411C000607AE0 /* View */,
				CEE83CEF21B411D200607AE0 /* Interactor */,
				CEE83CEE21B411C600607AE0 /* Presenter */,
				CEE83CF121B411F100607AE0 /* Entities */,
				CEE83CF021B411E900607AE0 /* Router */,
			);
			path = FriendList;
			sourceTree = "<group>";
		};
		CEE83CED21B411C000607AE0 /* View */ = {
			isa = PBXGroup;
			children = (
				CEE83CF421B412CC00607AE0 /* IFriendListView.swift */,
				CEE83CFC21B4140800607AE0 /* FriendListView.swift */,
			);
			path = View;
			sourceTree = "<group>";
		};
		CEE83CEE21B411C600607AE0 /* Presenter */ = {
			isa = PBXGroup;
			children = (
				CEE83CF821B4134300607AE0 /* IFriendListPresenter.swift */,
				CEE83CFE21B414B000607AE0 /* FriendListPresenter.swift */,
			);
			path = Presenter;
			sourceTree = "<group>";
		};
		CEE83CEF21B411D200607AE0 /* Interactor */ = {
			isa = PBXGroup;
			children = (
				CEE83CF621B4133000607AE0 /* IFriendListInteractor.swift */,
				CEE83D0021B415A200607AE0 /* FriendListInteractor.swift */,
			);
			path = Interactor;
			sourceTree = "<group>";
		};
		CEE83CF021B411E900607AE0 /* Router */ = {
			isa = PBXGroup;
			children = (
				CEE83CEB21B411BA00607AE0 /* IFriendListRouter.swift */,
				CEE83CF221B4126000607AE0 /* FriendListRouter.swift */,
			);
			path = Router;
			sourceTree = "<group>";
		};
		CEE83CF121B411F100607AE0 /* Entities */ = {
			isa = PBXGroup;
			children = (
				CEE83CFA21B4134D00607AE0 /* Friend.swift */,
				CE8D7BFE21B43EEB00144EA0 /* Post.swift */,
			);
			path = Entities;
			sourceTree = "<group>";
		};
/* End PBXGroup section */

/* Begin PBXNativeTarget section */
		CEE83CD221B4109400607AE0 /* FirstManualViperApp */ = {
			isa = PBXNativeTarget;
			buildConfigurationList = CEE83CE521B4109600607AE0 /* Build configuration list for PBXNativeTarget "FirstManualViperApp" */;
			buildPhases = (
				CEE83CCF21B4109400607AE0 /* Sources */,
				CEE83CD021B4109400607AE0 /* Frameworks */,
				CEE83CD121B4109400607AE0 /* Resources */,
			);
			buildRules = (
			);
			dependencies = (
			);
			name = FirstManualViperApp;
			productName = FirstManualViperApp;
			productReference = CEE83CD321B4109400607AE0 /* FirstManualViperApp.app */;
			productType = "com.apple.product-type.application";
		};
/* End PBXNativeTarget section */

/* Begin PBXProject section */
		CEE83CCB21B4109400607AE0 /* Project object */ = {
			isa = PBXProject;
			attributes = {
				LastSwiftUpdateCheck = 1010;
				LastUpgradeCheck = 1010;
				ORGANIZATIONNAME = MisnikovRoman;
				TargetAttributes = {
					CEE83CD221B4109400607AE0 = {
						CreatedOnToolsVersion = 10.1;
					};
				};
			};
			buildConfigurationList = CEE83CCE21B4109400607AE0 /* Build configuration list for PBXProject "FirstManualViperApp" */;
			compatibilityVersion = "Xcode 9.3";
			developmentRegion = en;
			hasScannedForEncodings = 0;
			knownRegions = (
				en,
				Base,
			);
			mainGroup = CEE83CCA21B4109400607AE0;
			productRefGroup = CEE83CD421B4109400607AE0 /* Products */;
			projectDirPath = "";
			projectRoot = "";
			targets = (
				CEE83CD221B4109400607AE0 /* FirstManualViperApp */,
			);
		};
/* End PBXProject section */

/* Begin PBXResourcesBuildPhase section */
		CEE83CD121B4109400607AE0 /* Resources */ = {
			isa = PBXResourcesBuildPhase;
			buildActionMask = 2147483647;
			files = (
				CEE83CE121B4109600607AE0 /* LaunchScreen.storyboard in Resources */,
				CE8D7C0121B43F3100144EA0 /* posts.json in Resources */,
				CEE83CDE21B4109600607AE0 /* Assets.xcassets in Resources */,
				CEE83CDC21B4109400607AE0 /* Main.storyboard in Resources */,
				CEE83D0321B41FE600607AE0 /* friends.json in Resources */,
			);
			runOnlyForDeploymentPostprocessing = 0;
		};
/* End PBXResourcesBuildPhase section */

/* Begin PBXSourcesBuildPhase section */
		CEE83CCF21B4109400607AE0 /* Sources */ = {
			isa = PBXSourcesBuildPhase;
			buildActionMask = 2147483647;
			files = (
				CEE83CF921B4134300607AE0 /* IFriendListPresenter.swift in Sources */,
				CE8D7BFF21B43EEB00144EA0 /* Post.swift in Sources */,
				CEE83CFB21B4134D00607AE0 /* Friend.swift in Sources */,
				CEE83D0121B415A200607AE0 /* FriendListInteractor.swift in Sources */,
				CEE83CFF21B414B000607AE0 /* FriendListPresenter.swift in Sources */,
				CEE83CF521B412CC00607AE0 /* IFriendListView.swift in Sources */,
				CEE83CEC21B411BA00607AE0 /* IFriendListRouter.swift in Sources */,
				CEE83CD721B4109400607AE0 /* AppDelegate.swift in Sources */,
				CEE83CF321B4126000607AE0 /* FriendListRouter.swift in Sources */,
				CEE83CFD21B4140800607AE0 /* FriendListView.swift in Sources */,
				CEE83CF721B4133000607AE0 /* IFriendListInteractor.swift in Sources */,
			);
			runOnlyForDeploymentPostprocessing = 0;
		};
/* End PBXSourcesBuildPhase section */

/* Begin PBXVariantGroup section */
		CEE83CDA21B4109400607AE0 /* Main.storyboard */ = {
			isa = PBXVariantGroup;
			children = (
				CEE83CDB21B4109400607AE0 /* Base */,
			);
			name = Main.storyboard;
			sourceTree = "<group>";
		};
		CEE83CDF21B4109600607AE0 /* LaunchScreen.storyboard */ = {
			isa = PBXVariantGroup;
			children = (
				CEE83CE021B4109600607AE0 /* Base */,
			);
			name = LaunchScreen.storyboard;
			sourceTree = "<group>";
		};
/* End PBXVariantGroup section */

/* Begin XCBuildConfiguration section */
		CEE83CE321B4109600607AE0 /* Debug */ = {
			isa = XCBuildConfiguration;
			buildSettings = {
				ALWAYS_SEARCH_USER_PATHS = NO;
				CLANG_ANALYZER_NONNULL = YES;
				CLANG_ANALYZER_NUMBER_OBJECT_CONVERSION = YES_AGGRESSIVE;
				CLANG_CXX_LANGUAGE_STANDARD = "gnu++14";
				CLANG_CXX_LIBRARY = "libc++";
				CLANG_ENABLE_MODULES = YES;
				CLANG_ENABLE_OBJC_ARC = YES;
				CLANG_ENABLE_OBJC_WEAK = YES;
				CLANG_WARN_BLOCK_CAPTURE_AUTORELEASING = YES;
				CLANG_WARN_BOOL_CONVERSION = YES;
				CLANG_WARN_COMMA = YES;
				CLANG_WARN_CONSTANT_CONVERSION = YES;
				CLANG_WARN_DEPRECATED_OBJC_IMPLEMENTATIONS = YES;
				CLANG_WARN_DIRECT_OBJC_ISA_USAGE = YES_ERROR;
				CLANG_WARN_DOCUMENTATION_COMMENTS = YES;
				CLANG_WARN_EMPTY_BODY = YES;
				CLANG_WARN_ENUM_CONVERSION = YES;
				CLANG_WARN_INFINITE_RECURSION = YES;
				CLANG_WARN_INT_CONVERSION = YES;
				CLANG_WARN_NON_LITERAL_NULL_CONVERSION = YES;
				CLANG_WARN_OBJC_IMPLICIT_RETAIN_SELF = YES;
				CLANG_WARN_OBJC_LITERAL_CONVERSION = YES;
				CLANG_WARN_OBJC_ROOT_CLASS = YES_ERROR;
				CLANG_WARN_RANGE_LOOP_ANALYSIS = YES;
				CLANG_WARN_STRICT_PROTOTYPES = YES;
				CLANG_WARN_SUSPICIOUS_MOVE = YES;
				CLANG_WARN_UNGUARDED_AVAILABILITY = YES_AGGRESSIVE;
				CLANG_WARN_UNREACHABLE_CODE = YES;
				CLANG_WARN__DUPLICATE_METHOD_MATCH = YES;
				CODE_SIGN_IDENTITY = "iPhone Developer";
				COPY_PHASE_STRIP = NO;
				DEBUG_INFORMATION_FORMAT = dwarf;
				ENABLE_STRICT_OBJC_MSGSEND = YES;
				ENABLE_TESTABILITY = YES;
				GCC_C_LANGUAGE_STANDARD = gnu11;
				GCC_DYNAMIC_NO_PIC = NO;
				GCC_NO_COMMON_BLOCKS = YES;
				GCC_OPTIMIZATION_LEVEL = 0;
				GCC_PREPROCESSOR_DEFINITIONS = (
					"DEBUG=1",
					"$(inherited)",
				);
				GCC_WARN_64_TO_32_BIT_CONVERSION = YES;
				GCC_WARN_ABOUT_RETURN_TYPE = YES_ERROR;
				GCC_WARN_UNDECLARED_SELECTOR = YES;
				GCC_WARN_UNINITIALIZED_AUTOS = YES_AGGRESSIVE;
				GCC_WARN_UNUSED_FUNCTION = YES;
				GCC_WARN_UNUSED_VARIABLE = YES;
				IPHONEOS_DEPLOYMENT_TARGET = 12.1;
				MTL_ENABLE_DEBUG_INFO = INCLUDE_SOURCE;
				MTL_FAST_MATH = YES;
				ONLY_ACTIVE_ARCH = YES;
				SDKROOT = iphoneos;
				SWIFT_ACTIVE_COMPILATION_CONDITIONS = DEBUG;
				SWIFT_OPTIMIZATION_LEVEL = "-Onone";
			};
			name = Debug;
		};
		CEE83CE421B4109600607AE0 /* Release */ = {
			isa = XCBuildConfiguration;
			buildSettings = {
				ALWAYS_SEARCH_USER_PATHS = NO;
				CLANG_ANALYZER_NONNULL = YES;
				CLANG_ANALYZER_NUMBER_OBJECT_CONVERSION = YES_AGGRESSIVE;
				CLANG_CXX_LANGUAGE_STANDARD = "gnu++14";
				CLANG_CXX_LIBRARY = "libc++";
				CLANG_ENABLE_MODULES = YES;
				CLANG_ENABLE_OBJC_ARC = YES;
				CLANG_ENABLE_OBJC_WEAK = YES;
				CLANG_WARN_BLOCK_CAPTURE_AUTORELEASING = YES;
				CLANG_WARN_BOOL_CONVERSION = YES;
				CLANG_WARN_COMMA = YES;
				CLANG_WARN_CONSTANT_CONVERSION = YES;
				CLANG_WARN_DEPRECATED_OBJC_IMPLEMENTATIONS = YES;
				CLANG_WARN_DIRECT_OBJC_ISA_USAGE = YES_ERROR;
				CLANG_WARN_DOCUMENTATION_COMMENTS = YES;
				CLANG_WARN_EMPTY_BODY = YES;
				CLANG_WARN_ENUM_CONVERSION = YES;
				CLANG_WARN_INFINITE_RECURSION = YES;
				CLANG_WARN_INT_CONVERSION = YES;
				CLANG_WARN_NON_LITERAL_NULL_CONVERSION = YES;
				CLANG_WARN_OBJC_IMPLICIT_RETAIN_SELF = YES;
				CLANG_WARN_OBJC_LITERAL_CONVERSION = YES;
				CLANG_WARN_OBJC_ROOT_CLASS = YES_ERROR;
				CLANG_WARN_RANGE_LOOP_ANALYSIS = YES;
				CLANG_WARN_STRICT_PROTOTYPES = YES;
				CLANG_WARN_SUSPICIOUS_MOVE = YES;
				CLANG_WARN_UNGUARDED_AVAILABILITY = YES_AGGRESSIVE;
				CLANG_WARN_UNREACHABLE_CODE = YES;
				CLANG_WARN__DUPLICATE_METHOD_MATCH = YES;
				CODE_SIGN_IDENTITY = "iPhone Developer";
				COPY_PHASE_STRIP = NO;
				DEBUG_INFORMATION_FORMAT = "dwarf-with-dsym";
				ENABLE_NS_ASSERTIONS = NO;
				ENABLE_STRICT_OBJC_MSGSEND = YES;
				GCC_C_LANGUAGE_STANDARD = gnu11;
				GCC_NO_COMMON_BLOCKS = YES;
				GCC_WARN_64_TO_32_BIT_CONVERSION = YES;
				GCC_WARN_ABOUT_RETURN_TYPE = YES_ERROR;
				GCC_WARN_UNDECLARED_SELECTOR = YES;
				GCC_WARN_UNINITIALIZED_AUTOS = YES_AGGRESSIVE;
				GCC_WARN_UNUSED_FUNCTION = YES;
				GCC_WARN_UNUSED_VARIABLE = YES;
				IPHONEOS_DEPLOYMENT_TARGET = 12.1;
				MTL_ENABLE_DEBUG_INFO = NO;
				MTL_FAST_MATH = YES;
				SDKROOT = iphoneos;
				SWIFT_COMPILATION_MODE = wholemodule;
				SWIFT_OPTIMIZATION_LEVEL = "-O";
				VALIDATE_PRODUCT = YES;
			};
			name = Release;
		};
		CEE83CE621B4109600607AE0 /* Debug */ = {
			isa = XCBuildConfiguration;
			buildSettings = {
				ASSETCATALOG_COMPILER_APPICON_NAME = AppIcon;
				CODE_SIGN_STYLE = Automatic;
				INFOPLIST_FILE = "$(SRCROOT)/FirstManualViperApp/Supporting files/Info.plist";
				IPHONEOS_DEPLOYMENT_TARGET = 11.4;
				LD_RUNPATH_SEARCH_PATHS = (
					"$(inherited)",
					"@executable_path/Frameworks",
				);
				PRODUCT_BUNDLE_IDENTIFIER = com.RFMisnikov.FirstManualViperApp;
				PRODUCT_NAME = "$(TARGET_NAME)";
				SWIFT_VERSION = 4.2;
				TARGETED_DEVICE_FAMILY = 1;
			};
			name = Debug;
		};
		CEE83CE721B4109600607AE0 /* Release */ = {
			isa = XCBuildConfiguration;
			buildSettings = {
				ASSETCATALOG_COMPILER_APPICON_NAME = AppIcon;
				CODE_SIGN_STYLE = Automatic;
				INFOPLIST_FILE = "$(SRCROOT)/FirstManualViperApp/Supporting files/Info.plist";
				IPHONEOS_DEPLOYMENT_TARGET = 11.4;
				LD_RUNPATH_SEARCH_PATHS = (
					"$(inherited)",
					"@executable_path/Frameworks",
				);
				PRODUCT_BUNDLE_IDENTIFIER = com.RFMisnikov.FirstManualViperApp;
				PRODUCT_NAME = "$(TARGET_NAME)";
				SWIFT_VERSION = 4.2;
				TARGETED_DEVICE_FAMILY = 1;
			};
			name = Release;
		};
/* End XCBuildConfiguration section */

/* Begin XCConfigurationList section */
		CEE83CCE21B4109400607AE0 /* Build configuration list for PBXProject "FirstManualViperApp" */ = {
			isa = XCConfigurationList;
			buildConfigurations = (
				CEE83CE321B4109600607AE0 /* Debug */,
				CEE83CE421B4109600607AE0 /* Release */,
			);
			defaultConfigurationIsVisible = 0;
			defaultConfigurationName = Release;
		};
		CEE83CE521B4109600607AE0 /* Build configuration list for PBXNativeTarget "FirstManualViperApp" */ = {
			isa = XCConfigurationList;
			buildConfigurations = (
				CEE83CE621B4109600607AE0 /* Debug */,
				CEE83CE721B4109600607AE0 /* Release */,
			);
			defaultConfigurationIsVisible = 0;
			defaultConfigurationName = Release;
		};
/* End XCConfigurationList section */
	};
	rootObject = CEE83CCB21B4109400607AE0 /* Project object */;
}
